
Microsoft Visual Studio Solution File, Format Version 11.00
# Visual Studio 2010
Project("{FAE04EC0-301F-11D3-BF4B-00C04F79EFBC}") = "FMODUnity", "FMODUnity.csproj", "{3602f84c-f448-1903-1fd9-29a86f4563f4}"
EndProject
Project("{FAE04EC0-301F-11D3-BF4B-00C04F79EFBC}") = "DebugUtils", "DebugUtils.csproj", "{703be84e-2adf-3fe7-11ce-b8fc0edd2bdc}"
EndProject
Project("{FAE04EC0-301F-11D3-BF4B-00C04F79EFBC}") = "Assembly-CSharp-firstpass", "Assembly-CSharp-firstpass.csproj", "{2e47c91f-70fa-39a3-60b4-9d9e428248ce}"
EndProject
Project("{FAE04EC0-301F-11D3-BF4B-00C04F79EFBC}") = "Assembly-CSharp", "Assembly-CSharp.csproj", "{fff6d5b0-20d3-444c-a040-d4254b66eaa6}"
EndProject
Project("{FAE04EC0-301F-11D3-BF4B-00C04F79EFBC}") = "FMODUnityResonance", "FMODUnityResonance.csproj", "{79f1aed7-83cf-7ce6-52a8-95f4740812e4}"
EndProject
Project("{FAE04EC0-301F-11D3-BF4B-00C04F79EFBC}") = "FMODUnityEditor", "FMODUnityEditor.csproj", "{007b21bf-0e77-ee8a-d5c9-4e4ee2438485}"
EndProject
Project("{FAE04EC0-301F-11D3-BF4B-00C04F79EFBC}") = "Assembly-CSharp-Editor-firstpass", "Assembly-CSharp-Editor-firstpass.csproj", "{f94686d7-ddb3-7e8f-6249-affa3e084e8e}"
EndProject
Project("{FAE04EC0-301F-11D3-BF4B-00C04F79EFBC}") = "FMODUnityResonanceEditor", "FMODUnityResonanceEditor.csproj", "{13ab752a-db7e-6c61-85b2-a596ffa7bf75}"
EndProject
Global
	GlobalSection(SolutionConfigurationPlatforms) = preSolution
		Debug|Any CPU = Debug|Any CPU
	EndGlobalSection
	GlobalSection(ProjectConfigurationPlatforms) = postSolution
		{3602f84c-f448-1903-1fd9-29a86f4563f4}.Debug|Any CPU.ActiveCfg = Debug|Any CPU
		{3602f84c-f448-1903-1fd9-29a86f4563f4}.Debug|Any CPU.Build.0 = Debug|Any CPU
		{703be84e-2adf-3fe7-11ce-b8fc0edd2bdc}.Debug|Any CPU.ActiveCfg = Debug|Any CPU
		{703be84e-2adf-3fe7-11ce-b8fc0edd2bdc}.Debug|Any CPU.Build.0 = Debug|Any CPU
		{2e47c91f-70fa-39a3-60b4-9d9e428248ce}.Debug|Any CPU.ActiveCfg = Debug|Any CPU
		{2e47c91f-70fa-39a3-60b4-9d9e428248ce}.Debug|Any CPU.Build.0 = Debug|Any CPU
		{fff6d5b0-20d3-444c-a040-d4254b66eaa6}.Debug|Any CPU.ActiveCfg = Debug|Any CPU
		{fff6d5b0-20d3-444c-a040-d4254b66eaa6}.Debug|Any CPU.Build.0 = Debug|Any CPU
		{79f1aed7-83cf-7ce6-52a8-95f4740812e4}.Debug|Any CPU.ActiveCfg = Debug|Any CPU
		{79f1aed7-83cf-7ce6-52a8-95f4740812e4}.Debug|Any CPU.Build.0 = Debug|Any CPU
		{007b21bf-0e77-ee8a-d5c9-4e4ee2438485}.Debug|Any CPU.ActiveCfg = Debug|Any CPU
		{007b21bf-0e77-ee8a-d5c9-4e4ee2438485}.Debug|Any CPU.Build.0 = Debug|Any CPU
		{f94686d7-ddb3-7e8f-6249-affa3e084e8e}.Debug|Any CPU.ActiveCfg = Debug|Any CPU
		{f94686d7-ddb3-7e8f-6249-affa3e084e8e}.Debug|Any CPU.Build.0 = Debug|Any CPU
		{13ab752a-db7e-6c61-85b2-a596ffa7bf75}.Debug|Any CPU.ActiveCfg = Debug|Any CPU
		{13ab752a-db7e-6c61-85b2-a596ffa7bf75}.Debug|Any CPU.Build.0 = Debug|Any CPU
	EndGlobalSection
	GlobalSection(SolutionProperties) = preSolution
		HideSolutionNode = FALSE
	EndGlobalSection
EndGlobal
